
Microsoft Visual Studio Solution File, Format Version 12.00
# Visual Studio Version 16
VisualStudioVersion = 16.0.31005.135
MinimumVisualStudioVersion = 10.0.40219.1
Project("{FAE04EC0-301F-11D3-BF4B-00C04F79EFBC}") = "AdminRestrictions", "src\AdminRestrictions\AdminRestrictions.csproj", "{D4943F35-7565-4084-984F-B951FAB76690}"
EndProject
Global
	GlobalSection(SolutionConfigurationPlatforms) = preSolution
		Debug|Any CPU = Debug|Any CPU
		Release|Any CPU = Release|Any CPU
	EndGlobalSection
	GlobalSection(ProjectConfigurationPlatforms) = postSolution
		{D4943F35-7565-4084-984F-B951FAB76690}.Debug|Any CPU.ActiveCfg = Debug|Any CPU
		{D4943F35-7565-4084-984F-B951FAB76690}.Debug|Any CPU.Build.0 = Debug|Any CPU
		{D4943F35-7565-4084-984F-B951FAB76690}.Release|Any CPU.ActiveCfg = Release|Any CPU
		{D4943F35-7565-4084-984F-B951FAB76690}.Release|Any CPU.Build.0 = Release|Any CPU
	EndGlobalSection
	GlobalSection(SolutionProperties) = preSolution
		HideSolutionNode = FALSE
	EndGlobalSection
	GlobalSection(ExtensibilityGlobals) = postSolution
		SolutionGuid = {6221955A-64A1-4FED-8E74-03D258778B62}
	EndGlobalSection
EndGlobal
